github.com/TTK4145-2022-students/Network-go-group-78 v0.0.0-20220311120107-6dcd04a7e74b h1:cIc3KrOjoBL3kljsRBDiAXCM7VnPmIOfQbzVDVZMDhg=
github.com/TTK4145-2022-students/Network-go-group-78 v0.0.0-20220311120107-6dcd04a7e74b/go.mod h1:wPSvYKi6Cp8ozV4H0qt6VnmJOjzSMTzhFjd6TOHWI5I=
github.com/TTK4145-2022-students/driver-go-group-78 v0.0.0-20220311113927-91ee6396bc17 h1:sAXKHQ5h9EW4CNQLCf6+Yn0v2urpr1LlNqp1hNtvxck=
github.com/TTK4145-2022-students/driver-go-group-78 v0.0.0-20220311113927-91ee6396bc17/go.mod h1:cWIPFJ8NtqkbRBJBBTbgkzMidEt0BezwNY/p2B0MTeQ=
github.com/boltdb/bolt v1.3.1 h1:JQmyP4ZBrce+ZQu0dY660FMfatumYDLun9hBCUVIkF4=
github.com/boltdb/bolt v1.3.1/go.mod h1:clJnj/oiGkjum5o1McbSZDSLxVThjynRyGBgiAx27Ps=
github.com/rapidloop/skv v0.0.0-20180909015525-9def2caac4cc h1:eXQoy66wUI9meNnIdKYJ+EV/Tq3LvXeUe95AB2dPk8g=
github.com/rapidloop/skv v0.0.0-20180909015525-9def2caac4cc/go.mod h1:V5hvlcTzUJ3MOo0fEolWR25CZBBsb7q3wWVAmBYwr54=
golang.org/x/sys v0.0.0-20200923182605-d9f96fdee20d h1:L/IKR6COd7ubZrs2oTnTi73IhgqJ71c9s80WsQnh0Es=
golang.org/x/sys v0.0.0-20200923182605-d9f96fdee20d/go.mod h1:h1NjWce9XRLGQEsW7wpKNCjG9DtNlClVuFLEZdDNbEs=
